FORGE
  remote: https://forgeapi.puppetlabs.com
  specs:
    maestrodev-wget (1.7.3)
    puppet-cron (2.0.0)
    puppetlabs-ntp (8.4.0)
      puppetlabs-stdlib (>= 4.13.1, < 7.0.0)
    puppetlabs-stdlib (6.5.0)

DEPENDENCIES
  maestrodev-wget (>= 1.7.3)
  puppet-cron (>= 2.0.0)
  puppetlabs-ntp (>= 4.1.0)
  puppetlabs-stdlib (>= 2.0.0)

